
Microsoft Visual Studio Solution File, Format Version 12.00
# Visual Studio Version 17
VisualStudioVersion = 17.11.35327.3
MinimumVisualStudioVersion = 10.0.40219.1
Project("{FAE04EC0-301F-11D3-BF4B-00C04F79EFBC}") = "cry", "cry.csproj", "{79F5B068-E81A-4FFF-97D9-F396E597E7E2}"
EndProject
Global
	GlobalSection(SolutionConfigurationPlatforms) = preSolution
		Debug|Any CPU = Debug|Any CPU
		Release|Any CPU = Release|Any CPU
	EndGlobalSection
	GlobalSection(ProjectConfigurationPlatforms) = postSolution
		{79F5B068-E81A-4FFF-97D9-F396E597E7E2}.Debug|Any CPU.ActiveCfg = Debug|Any CPU
		{79F5B068-E81A-4FFF-97D9-F396E597E7E2}.Debug|Any CPU.Build.0 = Debug|Any CPU
		{79F5B068-E81A-4FFF-97D9-F396E597E7E2}.Release|Any CPU.ActiveCfg = Release|Any CPU
		{79F5B068-E81A-4FFF-97D9-F396E597E7E2}.Release|Any CPU.Build.0 = Release|Any CPU
	EndGlobalSection
	GlobalSection(SolutionProperties) = preSolution
		HideSolutionNode = FALSE
	EndGlobalSection
	GlobalSection(ExtensibilityGlobals) = postSolution
		SolutionGuid = {351C4BEB-C35F-43DB-911B-5C63798AB08A}
	EndGlobalSection
EndGlobal
